# THIS IS AN AUTOGENERATED FILE. DO NOT EDIT THIS FILE DIRECTLY.
# yarn lockfile v1


"@algolia/abtesting@1.6.1":
  version "1.6.1"
  resolved "https://registry.yarnpkg.com/@algolia/abtesting/-/abtesting-1.6.1.tgz#1074f6df6a59b371f56fdb5ddc2caec1853bcc58"
  integrity sha512-wV/gNRkzb7sI9vs1OneG129hwe3Q5zPj7zigz3Ps7M5Lpo2hSorrOnXNodHEOV+yXE/ks4Pd+G3CDFIjFTWhMQ==
  dependencies:
    "@algolia/client-common" "5.40.1"
    "@algolia/requester-browser-xhr" "5.40.1"
    "@algolia/requester-fetch" "5.40.1"
    "@algolia/requester-node-http" "5.40.1"

"@algolia/client-abtesting@5.40.1":
  version "5.40.1"
  resolved "https://registry.yarnpkg.com/@algolia/client-abtesting/-/client-abtesting-5.40.1.tgz#6674c20731e887a081edf7ea009fe00ce20537d4"
  integrity sha512-cxKNATPY5t+Mv8XAVTI57altkaPH+DZi4uMrnexPxPHODMljhGYY+GDZyHwv9a+8CbZHcY372OkxXrDMZA4Lnw==
  dependencies:
    "@algolia/client-common" "5.40.1"
    "@algolia/requester-browser-xhr" "5.40.1"
    "@algolia/requester-fetch" "5.40.1"
    "@algolia/requester-node-http" "5.40.1"

"@algolia/client-analytics@5.40.1":
  version "5.40.1"
  resolved "https://registry.yarnpkg.com/@algolia/client-analytics/-/client-analytics-5.40.1.tgz#6550da491a59e9bc5112d9aeb1964e04b34543c5"
  integrity sha512-XP008aMffJCRGAY8/70t+hyEyvqqV7YKm502VPu0+Ji30oefrTn2al7LXkITz7CK6I4eYXWRhN6NaIUi65F1OA==
  dependencies:
    "@algolia/client-common" "5.40.1"
    "@algolia/requester-browser-xhr" "5.40.1"
    "@algolia/requester-fetch" "5.40.1"
    "@algolia/requester-node-http" "5.40.1"

"@algolia/client-common@5.40.1":
  version "5.40.1"
  resolved "https://registry.yarnpkg.com/@algolia/client-common/-/client-common-5.40.1.tgz#df272c1eb491e7e4b15eaa44e4ad781630b4a438"
  integrity sha512-gWfQuQUBtzUboJv/apVGZMoxSaB0M4Imwl1c9Ap+HpCW7V0KhjBddqF2QQt5tJZCOFsfNIgBbZDGsEPaeKUosw==

"@algolia/client-insights@5.40.1":
  version "5.40.1"
  resolved "https://registry.yarnpkg.com/@algolia/client-insights/-/client-insights-5.40.1.tgz#db53a74d78b004b176213dfe84cb250323e64906"
  integrity sha512-RTLjST/t+lsLMouQ4zeLJq2Ss+UNkLGyNVu+yWHanx6kQ3LT5jv8UvPwyht9s7R6jCPnlSI77WnL80J32ZuyJg==
  dependencies:
    "@algolia/client-common" "5.40.1"
    "@algolia/requester-browser-xhr" "5.40.1"
    "@algolia/requester-fetch" "5.40.1"
    "@algolia/requester-node-http" "5.40.1"

"@algolia/client-personalization@5.40.1":
  version "5.40.1"
  resolved "https://registry.yarnpkg.com/@algolia/client-personalization/-/client-personalization-5.40.1.tgz#9e9885a1855b893ddb3cefa484d5d08158b622f5"
  integrity sha512-2FEK6bUomBzEYkTKzD0iRs7Ljtjb45rKK/VSkyHqeJnG+77qx557IeSO0qVFE3SfzapNcoytTofnZum0BQ6r3Q==
  dependencies:
    "@algolia/client-common" "5.40.1"
    "@algolia/requester-browser-xhr" "5.40.1"
    "@algolia/requester-fetch" "5.40.1"
    "@algolia/requester-node-http" "5.40.1"

"@algolia/client-query-suggestions@5.40.1":
  version "5.40.1"
  resolved "https://registry.yarnpkg.com/@algolia/client-query-suggestions/-/client-query-suggestions-5.40.1.tgz#45dd6d7ad53f87043d44ffe983ab2d2385c8270a"
  integrity sha512-Nju4NtxAvXjrV2hHZNLKVJLXjOlW6jAXHef/CwNzk1b2qIrCWDO589ELi5ZHH1uiWYoYyBXDQTtHmhaOVVoyXg==
  dependencies:
    "@algolia/client-common" "5.40.1"
    "@algolia/requester-browser-xhr" "5.40.1"
    "@algolia/requester-fetch" "5.40.1"
    "@algolia/requester-node-http" "5.40.1"

"@algolia/client-search@5.40.1":
  version "5.40.1"
  resolved "https://registry.yarnpkg.com/@algolia/client-search/-/client-search-5.40.1.tgz#9e179ac583dd9ddf638139e24971bb9229897931"
  integrity sha512-Mw6pAUF121MfngQtcUb5quZVqMC68pSYYjCRZkSITC085S3zdk+h/g7i6FxnVdbSU6OztxikSDMh1r7Z+4iPlA==
  dependencies:
    "@algolia/client-common" "5.40.1"
    "@algolia/requester-browser-xhr" "5.40.1"
    "@algolia/requester-fetch" "5.40.1"
    "@algolia/requester-node-http" "5.40.1"

"@algolia/ingestion@1.40.1":
  version "1.40.1"
  resolved "https://registry.yarnpkg.com/@algolia/ingestion/-/ingestion-1.40.1.tgz#eea0793d6e89b424d742d726de7419f5bcaefa16"
  integrity sha512-z+BPlhs45VURKJIxsR99NNBWpUEEqIgwt10v/fATlNxc4UlXvALdOsWzaFfe89/lbP5Bu4+mbO59nqBC87ZM/g==
  dependencies:
    "@algolia/client-common" "5.40.1"
    "@algolia/requester-browser-xhr" "5.40.1"
    "@algolia/requester-fetch" "5.40.1"
    "@algolia/requester-node-http" "5.40.1"

"@algolia/monitoring@1.40.1":
  version "1.40.1"
  resolved "https://registry.yarnpkg.com/@algolia/monitoring/-/monitoring-1.40.1.tgz#50bf7286f3ba0fae220d7f5e0bf73c1b671f8958"
  integrity sha512-VJMUMbO0wD8Rd2VVV/nlFtLJsOAQvjnVNGkMkspFiFhpBA7s/xJOb+fJvvqwKFUjbKTUA7DjiSi1ljSMYBasXg==
  dependencies:
    "@algolia/client-common" "5.40.1"
    "@algolia/requester-browser-xhr" "5.40.1"
    "@algolia/requester-fetch" "5.40.1"
    "@algolia/requester-node-http" "5.40.1"

"@algolia/recommend@5.40.1":
  version "5.40.1"
  resolved "https://registry.yarnpkg.com/@algolia/recommend/-/recommend-5.40.1.tgz#db8395ce0d17ccba03a877b42dce1f205bbdf5b9"
  integrity sha512-ehvJLadKVwTp9Scg9NfzVSlBKH34KoWOQNTaN8i1Ac64AnO6iH2apJVSP6GOxssaghZ/s8mFQsDH3QIZoluFHA==
  dependencies:
    "@algolia/client-common" "5.40.1"
    "@algolia/requester-browser-xhr" "5.40.1"
    "@algolia/requester-fetch" "5.40.1"
    "@algolia/requester-node-http" "5.40.1"

"@algolia/requester-browser-xhr@5.40.1":
  version "5.40.1"
  resolved "https://registry.yarnpkg.com/@algolia/requester-browser-xhr/-/requester-browser-xhr-5.40.1.tgz#cddc52f7dc8e4b4a1051f90e55336d9573df62af"
  integrity sha512-PbidVsPurUSQIr6X9/7s34mgOMdJnn0i6p+N6Ab+lsNhY5eiu+S33kZEpZwkITYBCIbhzDLOvb7xZD3gDi+USA==
  dependencies:
    "@algolia/client-common" "5.40.1"

"@algolia/requester-fetch@5.40.1":
  version "5.40.1"
  resolved "https://registry.yarnpkg.com/@algolia/requester-fetch/-/requester-fetch-5.40.1.tgz#3ec36412f7d10f4270a59e456d8e71a2eda58ea8"
  integrity sha512-ThZ5j6uOZCF11fMw9IBkhigjOYdXGXQpj6h4k+T9UkZrF2RlKcPynFzDeRgaLdpYk8Yn3/MnFbwUmib7yxj5Lw==
  dependencies:
    "@algolia/client-common" "5.40.1"

"@algolia/requester-node-http@5.40.1":
  version "5.40.1"
  resolved "https://registry.yarnpkg.com/@algolia/requester-node-http/-/requester-node-http-5.40.1.tgz#ed3a9b1846f7d6be88839522ca0d337159d5ff66"
  integrity sha512-H1gYPojO6krWHnUXu/T44DrEun/Wl95PJzMXRcM/szstNQczSbwq6wIFJPI9nyE95tarZfUNU3rgorT+wZ6iCQ==
  dependencies:
    "@algolia/client-common" "5.40.1"

"@ampproject/remapping@2.3.0", "@ampproject/remapping@^2.2.0":
  version "2.3.0"
  resolved "https://registry.yarnpkg.com/@ampproject/remapping/-/remapping-2.3.0.tgz#ed441b6fa600072520ce18b43d2c8cc8caecc7f4"
  integrity sha512-30iZtAPgz+LTIYoeivqYo853f02jBYSd5uGnGpkFV0M3xOt9aN73erkgYAmZU43x4VfqcnLxW9Kpg3R5LC4YYw==
  dependencies:
    "@jridgewell/gen-mapping" "^0.3.5"
    "@jridgewell/trace-mapping" "^0.3.24"

